
Microsoft Visual Studio Solution File, Format Version 12.00
# Visual Studio 15
VisualStudioVersion = 15.0.27130.2010
MinimumVisualStudioVersion = 10.0.40219.1
Project("{FAE04EC0-301F-11D3-BF4B-00C04F79EFBC}") = "TypeRacer", "TypeRacer\TypeRacer.csproj", "{3A1A3D96-5960-4C8B-A413-3F3EAB7CAFD7}"
EndProject
Global
	GlobalSection(SolutionConfigurationPlatforms) = preSolution
		Debug|Any CPU = Debug|Any CPU
		Release|Any CPU = Release|Any CPU
	EndGlobalSection
	GlobalSection(ProjectConfigurationPlatforms) = postSolution
		{3A1A3D96-5960-4C8B-A413-3F3EAB7CAFD7}.Debug|Any CPU.ActiveCfg = Debug|Any CPU
		{3A1A3D96-5960-4C8B-A413-3F3EAB7CAFD7}.Debug|Any CPU.Build.0 = Debug|Any CPU
		{3A1A3D96-5960-4C8B-A413-3F3EAB7CAFD7}.Release|Any CPU.ActiveCfg = Release|Any CPU
		{3A1A3D96-5960-4C8B-A413-3F3EAB7CAFD7}.Release|Any CPU.Build.0 = Release|Any CPU
	EndGlobalSection
	GlobalSection(SolutionProperties) = preSolution
		HideSolutionNode = FALSE
	EndGlobalSection
	GlobalSection(ExtensibilityGlobals) = postSolution
		SolutionGuid = {C92D3C6A-DE41-4204-98D7-E5ADF781B0C4}
	EndGlobalSection
EndGlobal
